<Solution>
  <Configurations>
    <Platform Name="Any CPU" />
    <Platform Name="x64" />
    <Platform Name="x86" />
  </Configurations>
  <Project Path="SharedCode.Core.Tests/Core.Tests.csproj" />
  <Project Path="SharedCode.Core/Core.csproj" />
  <Project Path="SharedCode.Data.CosmosDb/Data.CosmosDb.csproj" />
  <Project Path="SharedCode.Data.EntityFramework/Data.EntityFramework.csproj" />
  <Project Path="SharedCode.Data.Tests/Data.Tests.csproj" />
  <Project Path="SharedCode.Data/Data.csproj" />
  <Project Path="SharedCode.DependencyInjection/DependencyInjection.csproj" />
  <Project Path="SharedCode.MediatR/MediatR.csproj" />
  <Project Path="SharedCode.Web/Web.csproj" />
  <Project Path="SharedCode.Windows.WPF/Windows.WPF.csproj" />
</Solution>
