
Microsoft Visual Studio Solution File, Format Version 12.00
# Visual Studio Version 17
VisualStudioVersion = 17.0.31612.314
MinimumVisualStudioVersion = 10.0.40219.1
Project("{2150E333-8FDC-42A3-9474-1A3956D46DE8}") = "Solution Items", "Solution Items", "{19E17FEC-D147-4B96-9748-DE868A8DE543}"
	ProjectSection(SolutionItems) = preProject
		.editorconfig = .editorconfig
		.gitattributes = .gitattributes
		.gitignore = .gitignore
		.github\workflows\codeql-analysis.yml = .github\workflows\codeql-analysis.yml
		CODE_OF_CONDUCT.md = CODE_OF_CONDUCT.md
		.github\workflows\devskim.yml = .github\workflows\devskim.yml
		.github\workflows\dotnet.yml = .github\workflows\dotnet.yml
		LICENSE = LICENSE
		README.md = README.md
		.github\workflows\release.yml = .github\workflows\release.yml
		SECURITY.md = SECURITY.md
	EndProjectSection
EndProject
Project("{9A19103F-16F7-4668-BE54-9A1E7A4F7556}") = "Core", "SharedCode.Core\Core.csproj", "{78E99859-E8A6-4946-9EF5-87265D1400AD}"
EndProject
Project("{9A19103F-16F7-4668-BE54-9A1E7A4F7556}") = "Core.Tests", "SharedCode.Core.Tests\Core.Tests.csproj", "{73EFD3C6-4037-44CF-B473-DC4475B83C9B}"
EndProject
Project("{9A19103F-16F7-4668-BE54-9A1E7A4F7556}") = "DependencyInjection", "SharedCode.DependencyInjection\DependencyInjection.csproj", "{F4FEDE96-AA46-4FF5-A369-96B92DF2CFA1}"
EndProject
Project("{9A19103F-16F7-4668-BE54-9A1E7A4F7556}") = "Data", "SharedCode.Data\Data.csproj", "{3EBBAAD1-4A0B-44AE-A912-9CDE72A17751}"
EndProject
Project("{9A19103F-16F7-4668-BE54-9A1E7A4F7556}") = "Data.EntityFramework", "SharedCode.Data.EntityFramework\Data.EntityFramework.csproj", "{750D7701-E160-45B4-854D-AFC40AE9D529}"
EndProject
Project("{9A19103F-16F7-4668-BE54-9A1E7A4F7556}") = "Windows.WPF", "SharedCode.Windows.WPF\Windows.WPF.csproj", "{4EA9E624-BA89-4D77-9A49-7F4242F7D755}"
EndProject
Project("{9A19103F-16F7-4668-BE54-9A1E7A4F7556}") = "Web", "SharedCode.Web\Web.csproj", "{D07349B5-1E8B-4DA4-9F90-A14B40B6888F}"
EndProject
Project("{9A19103F-16F7-4668-BE54-9A1E7A4F7556}") = "MediatR", "SharedCode.MediatR\MediatR.csproj", "{D772C1FA-BA95-4D46-B8D6-1E26000566A8}"
EndProject
Project("{FAE04EC0-301F-11D3-BF4B-00C04F79EFBC}") = "Data.CosmosDb", "SharedCode.Data.CosmosDb\Data.CosmosDb.csproj", "{5335AA22-2079-4AFE-89A2-E759414BC992}"
EndProject
Global
	GlobalSection(SolutionConfigurationPlatforms) = preSolution
		Debug|Any CPU = Debug|Any CPU
		Release|Any CPU = Release|Any CPU
	EndGlobalSection
	GlobalSection(ProjectConfigurationPlatforms) = postSolution
		{78E99859-E8A6-4946-9EF5-87265D1400AD}.Debug|Any CPU.ActiveCfg = Debug|Any CPU
		{78E99859-E8A6-4946-9EF5-87265D1400AD}.Debug|Any CPU.Build.0 = Debug|Any CPU
		{78E99859-E8A6-4946-9EF5-87265D1400AD}.Release|Any CPU.ActiveCfg = Release|Any CPU
		{78E99859-E8A6-4946-9EF5-87265D1400AD}.Release|Any CPU.Build.0 = Release|Any CPU
		{73EFD3C6-4037-44CF-B473-DC4475B83C9B}.Debug|Any CPU.ActiveCfg = Debug|Any CPU
		{73EFD3C6-4037-44CF-B473-DC4475B83C9B}.Debug|Any CPU.Build.0 = Debug|Any CPU
		{73EFD3C6-4037-44CF-B473-DC4475B83C9B}.Release|Any CPU.ActiveCfg = Release|Any CPU
		{73EFD3C6-4037-44CF-B473-DC4475B83C9B}.Release|Any CPU.Build.0 = Release|Any CPU
		{F4FEDE96-AA46-4FF5-A369-96B92DF2CFA1}.Debug|Any CPU.ActiveCfg = Debug|Any CPU
		{F4FEDE96-AA46-4FF5-A369-96B92DF2CFA1}.Debug|Any CPU.Build.0 = Debug|Any CPU
		{F4FEDE96-AA46-4FF5-A369-96B92DF2CFA1}.Release|Any CPU.ActiveCfg = Release|Any CPU
		{F4FEDE96-AA46-4FF5-A369-96B92DF2CFA1}.Release|Any CPU.Build.0 = Release|Any CPU
		{3EBBAAD1-4A0B-44AE-A912-9CDE72A17751}.Debug|Any CPU.ActiveCfg = Debug|Any CPU
		{3EBBAAD1-4A0B-44AE-A912-9CDE72A17751}.Debug|Any CPU.Build.0 = Debug|Any CPU
		{3EBBAAD1-4A0B-44AE-A912-9CDE72A17751}.Release|Any CPU.ActiveCfg = Release|Any CPU
		{3EBBAAD1-4A0B-44AE-A912-9CDE72A17751}.Release|Any CPU.Build.0 = Release|Any CPU
		{750D7701-E160-45B4-854D-AFC40AE9D529}.Debug|Any CPU.ActiveCfg = Debug|Any CPU
		{750D7701-E160-45B4-854D-AFC40AE9D529}.Debug|Any CPU.Build.0 = Debug|Any CPU
		{750D7701-E160-45B4-854D-AFC40AE9D529}.Release|Any CPU.ActiveCfg = Release|Any CPU
		{750D7701-E160-45B4-854D-AFC40AE9D529}.Release|Any CPU.Build.0 = Release|Any CPU
		{4EA9E624-BA89-4D77-9A49-7F4242F7D755}.Debug|Any CPU.ActiveCfg = Debug|Any CPU
		{4EA9E624-BA89-4D77-9A49-7F4242F7D755}.Debug|Any CPU.Build.0 = Debug|Any CPU
		{4EA9E624-BA89-4D77-9A49-7F4242F7D755}.Release|Any CPU.ActiveCfg = Release|Any CPU
		{4EA9E624-BA89-4D77-9A49-7F4242F7D755}.Release|Any CPU.Build.0 = Release|Any CPU
		{D07349B5-1E8B-4DA4-9F90-A14B40B6888F}.Debug|Any CPU.ActiveCfg = Debug|Any CPU
		{D07349B5-1E8B-4DA4-9F90-A14B40B6888F}.Debug|Any CPU.Build.0 = Debug|Any CPU
		{D07349B5-1E8B-4DA4-9F90-A14B40B6888F}.Release|Any CPU.ActiveCfg = Release|Any CPU
		{D07349B5-1E8B-4DA4-9F90-A14B40B6888F}.Release|Any CPU.Build.0 = Release|Any CPU
		{D772C1FA-BA95-4D46-B8D6-1E26000566A8}.Debug|Any CPU.ActiveCfg = Debug|Any CPU
		{D772C1FA-BA95-4D46-B8D6-1E26000566A8}.Debug|Any CPU.Build.0 = Debug|Any CPU
		{D772C1FA-BA95-4D46-B8D6-1E26000566A8}.Release|Any CPU.ActiveCfg = Release|Any CPU
		{D772C1FA-BA95-4D46-B8D6-1E26000566A8}.Release|Any CPU.Build.0 = Release|Any CPU
		{5335AA22-2079-4AFE-89A2-E759414BC992}.Debug|Any CPU.ActiveCfg = Debug|Any CPU
		{5335AA22-2079-4AFE-89A2-E759414BC992}.Debug|Any CPU.Build.0 = Debug|Any CPU
		{5335AA22-2079-4AFE-89A2-E759414BC992}.Release|Any CPU.ActiveCfg = Release|Any CPU
		{5335AA22-2079-4AFE-89A2-E759414BC992}.Release|Any CPU.Build.0 = Release|Any CPU
	EndGlobalSection
	GlobalSection(SolutionProperties) = preSolution
		HideSolutionNode = FALSE
	EndGlobalSection
	GlobalSection(ExtensibilityGlobals) = postSolution
		SolutionGuid = {268D976B-D213-4DBD-855B-B91556F8C382}
	EndGlobalSection
EndGlobal
